
Microsoft Visual Studio Solution File, Format Version 11.00
# Visual Studio 2010
Project("{FAE04EC0-301F-11D3-BF4B-00C04F79EFBC}") = "Assembly-CSharp", "Assembly-CSharp.csproj", "{634F3CDE-574E-275A-5E8A-CB2CFE89DC27}"
EndProject
Project("{FAE04EC0-301F-11D3-BF4B-00C04F79EFBC}") = "Assembly-CSharp-Editor-firstpass", "Assembly-CSharp-Editor-firstpass.csproj", "{52C0AEF0-D515-B2E4-5B60-6242429C56C0}"
EndProject
Global
	GlobalSection(SolutionConfigurationPlatforms) = preSolution
		Debug|Any CPU = Debug|Any CPU
		Release|Any CPU = Release|Any CPU
	EndGlobalSection
	GlobalSection(ProjectConfigurationPlatforms) = postSolution
		{634F3CDE-574E-275A-5E8A-CB2CFE89DC27}.Debug|Any CPU.ActiveCfg = Debug|Any CPU
		{634F3CDE-574E-275A-5E8A-CB2CFE89DC27}.Debug|Any CPU.Build.0 = Debug|Any CPU
		{634F3CDE-574E-275A-5E8A-CB2CFE89DC27}.Release|Any CPU.ActiveCfg = Release|Any CPU
		{634F3CDE-574E-275A-5E8A-CB2CFE89DC27}.Release|Any CPU.Build.0 = Release|Any CPU
		{52C0AEF0-D515-B2E4-5B60-6242429C56C0}.Debug|Any CPU.ActiveCfg = Debug|Any CPU
		{52C0AEF0-D515-B2E4-5B60-6242429C56C0}.Debug|Any CPU.Build.0 = Debug|Any CPU
		{52C0AEF0-D515-B2E4-5B60-6242429C56C0}.Release|Any CPU.ActiveCfg = Release|Any CPU
		{52C0AEF0-D515-B2E4-5B60-6242429C56C0}.Release|Any CPU.Build.0 = Release|Any CPU
	EndGlobalSection
	GlobalSection(SolutionProperties) = preSolution
		HideSolutionNode = FALSE
	EndGlobalSection
	GlobalSection(MonoDevelopProperties) = preSolution
		StartupItem = Assembly-CSharp.csproj
	EndGlobalSection
EndGlobal
